
Microsoft Visual Studio Solution File, Format Version 12.00
# Visual Studio Version 16
VisualStudioVersion = 16.0.31005.135
MinimumVisualStudioVersion = 10.0.40219.1
Project("{9A19103F-16F7-4668-BE54-9A1E7A4F7556}") = "RacingCultureStatsAPI.Web", "RacingCultureStatsAPI\RacingCultureStatsAPI.Web.csproj", "{F60FA951-2A96-4F83-9600-6DEA4D6C7887}"
EndProject
Project("{FAE04EC0-301F-11D3-BF4B-00C04F79EFBC}") = "RacingCultureStatsAPI.Business", "RacingCultureStatsAPI.Business\RacingCultureStatsAPI.Business.csproj", "{0470F488-21D7-4874-AA7E-B9BEFA0865A4}"
EndProject
Global
	GlobalSection(SolutionConfigurationPlatforms) = preSolution
		Debug|Any CPU = Debug|Any CPU
		Release|Any CPU = Release|Any CPU
	EndGlobalSection
	GlobalSection(ProjectConfigurationPlatforms) = postSolution
		{F60FA951-2A96-4F83-9600-6DEA4D6C7887}.Debug|Any CPU.ActiveCfg = Debug|Any CPU
		{F60FA951-2A96-4F83-9600-6DEA4D6C7887}.Debug|Any CPU.Build.0 = Debug|Any CPU
		{F60FA951-2A96-4F83-9600-6DEA4D6C7887}.Release|Any CPU.ActiveCfg = Release|Any CPU
		{F60FA951-2A96-4F83-9600-6DEA4D6C7887}.Release|Any CPU.Build.0 = Release|Any CPU
		{0470F488-21D7-4874-AA7E-B9BEFA0865A4}.Debug|Any CPU.ActiveCfg = Debug|Any CPU
		{0470F488-21D7-4874-AA7E-B9BEFA0865A4}.Debug|Any CPU.Build.0 = Debug|Any CPU
		{0470F488-21D7-4874-AA7E-B9BEFA0865A4}.Release|Any CPU.ActiveCfg = Release|Any CPU
		{0470F488-21D7-4874-AA7E-B9BEFA0865A4}.Release|Any CPU.Build.0 = Release|Any CPU
	EndGlobalSection
	GlobalSection(SolutionProperties) = preSolution
		HideSolutionNode = FALSE
	EndGlobalSection
	GlobalSection(ExtensibilityGlobals) = postSolution
		SolutionGuid = {C070FF58-4BFA-48EA-AA87-D859B63C5986}
	EndGlobalSection
EndGlobal
